
Microsoft Visual Studio Solution File, Format Version 12.00
# Visual Studio Version 17
VisualStudioVersion = 17.14.36811.4
MinimumVisualStudioVersion = 10.0.40219.1
Project("{FAE04EC0-301F-11D3-BF4B-00C04F79EFBC}") = "Note_Api_Bra_addition", "Note_Api_Bra_addition\Note_Api_Bra_addition.csproj", "{523D0179-23F8-41F4-808D-1E31A438D7A3}"
EndProject
Project("{FAE04EC0-301F-11D3-BF4B-00C04F79EFBC}") = "DataAccess", "DataAccess\DataAccess.csproj", "{2F0909FE-BD02-4841-957E-0C577ABF9AD9}"
EndProject
Project("{FAE04EC0-301F-11D3-BF4B-00C04F79EFBC}") = "BusinessLogic", "BusinessLogic\BusinessLogic.csproj", "{B8180514-075E-4FBB-9923-B6F377C0A07A}"
EndProject
Global
	GlobalSection(SolutionConfigurationPlatforms) = preSolution
		Debug|Any CPU = Debug|Any CPU
		Release|Any CPU = Release|Any CPU
	EndGlobalSection
	GlobalSection(ProjectConfigurationPlatforms) = postSolution
		{523D0179-23F8-41F4-808D-1E31A438D7A3}.Debug|Any CPU.ActiveCfg = Debug|Any CPU
		{523D0179-23F8-41F4-808D-1E31A438D7A3}.Debug|Any CPU.Build.0 = Debug|Any CPU
		{523D0179-23F8-41F4-808D-1E31A438D7A3}.Release|Any CPU.ActiveCfg = Release|Any CPU
		{523D0179-23F8-41F4-808D-1E31A438D7A3}.Release|Any CPU.Build.0 = Release|Any CPU
		{2F0909FE-BD02-4841-957E-0C577ABF9AD9}.Debug|Any CPU.ActiveCfg = Debug|Any CPU
		{2F0909FE-BD02-4841-957E-0C577ABF9AD9}.Debug|Any CPU.Build.0 = Debug|Any CPU
		{2F0909FE-BD02-4841-957E-0C577ABF9AD9}.Release|Any CPU.ActiveCfg = Release|Any CPU
		{2F0909FE-BD02-4841-957E-0C577ABF9AD9}.Release|Any CPU.Build.0 = Release|Any CPU
		{B8180514-075E-4FBB-9923-B6F377C0A07A}.Debug|Any CPU.ActiveCfg = Debug|Any CPU
		{B8180514-075E-4FBB-9923-B6F377C0A07A}.Debug|Any CPU.Build.0 = Debug|Any CPU
		{B8180514-075E-4FBB-9923-B6F377C0A07A}.Release|Any CPU.ActiveCfg = Release|Any CPU
		{B8180514-075E-4FBB-9923-B6F377C0A07A}.Release|Any CPU.Build.0 = Release|Any CPU
	EndGlobalSection
	GlobalSection(SolutionProperties) = preSolution
		HideSolutionNode = FALSE
	EndGlobalSection
	GlobalSection(ExtensibilityGlobals) = postSolution
		SolutionGuid = {A9619AF3-0C2F-4C33-8923-7D91EE3EB9FD}
	EndGlobalSection
EndGlobal
